// !$*UTF8*$!
{
	archiveVersion = 1;
	classes = {
	};
	objectVersion = 46;
	objects = {

/* Begin PBXBuildFile section */
		9BE37DFB1C71956800E600A8 /* main.cpp in Sources */ = {isa = PBXBuildFile; fileRef = 9BE37DFA1C71956800E600A8 /* main.cpp */; };
		9BE37E031C71957A00E600A8 /* Tool.cpp in Sources */ = {isa = PBXBuildFile; fileRef = 9BE37E011C71957A00E600A8 /* Tool.cpp */; };
/* End PBXBuildFile section */

/* Begin PBXCopyFilesBuildPhase section */
		9BE37DF51C71956800E600A8 /* CopyFiles */ = {
			isa = PBXCopyFilesBuildPhase;
			buildActionMask = 2147483647;
			dstPath = /usr/share/man/man1/;
			dstSubfolderSpec = 0;
			files = (
			);
			runOnlyForDeploymentPostprocessing = 1;
		};
/* End PBXCopyFilesBuildPhase section */

/* Begin PBXFileReference section */
		9BE37DF71C71956800E600A8 /* 第102题 */ = {isa = PBXFileReference; explicitFileType = "compiled.mach-o.executable"; includeInIndex = 0; path = "第102题"; sourceTree = BUILT_PRODUCTS_DIR; };
		9BE37DFA1C71956800E600A8 /* main.cpp */ = {isa = PBXFileReference; lastKnownFileType = sourcecode.cpp.cpp; path = main.cpp; sourceTree = "<group>"; };
		9BE37E011C71957A00E600A8 /* Tool.cpp */ = {isa = PBXFileReference; fileEncoding = 4; lastKnownFileType = sourcecode.cpp.cpp; name = Tool.cpp; path = ../../../Tool.cpp; sourceTree = "<group>"; };
		9BE37E021C71957A00E600A8 /* Tool.hpp */ = {isa = PBXFileReference; fileEncoding = 4; lastKnownFileType = sourcecode.cpp.h; name = Tool.hpp; path = ../../../Tool.hpp; sourceTree = "<group>"; };
/* End PBXFileReference section */

/* Begin PBXFrameworksBuildPhase section */
		9BE37DF41C71956800E600A8 /* Frameworks */ = {
			isa = PBXFrameworksBuildPhase;
			buildActionMask = 2147483647;
			files = (
			);
			runOnlyForDeploymentPostprocessing = 0;
		};
/* End PBXFrameworksBuildPhase section */

/* Begin PBXGroup section */
		9BE37DEE1C71956800E600A8 = {
			isa = PBXGroup;
			children = (
				9BE37DF91C71956800E600A8 /* 第102题 */,
				9BE37DF81C71956800E600A8 /* Products */,
			);
			sourceTree = "<group>";
		};
		9BE37DF81C71956800E600A8 /* Products */ = {
			isa = PBXGroup;
			children = (
				9BE37DF71C71956800E600A8 /* 第102题 */,
			);
			name = Products;
			sourceTree = "<group>";
		};
		9BE37DF91C71956800E600A8 /* 第102题 */ = {
			isa = PBXGroup;
			children = (
				9BE37DFA1C71956800E600A8 /* main.cpp */,
				9BE37E021C71957A00E600A8 /* Tool.hpp */,
				9BE37E011C71957A00E600A8 /* Tool.cpp */,
			);
			path = "第102题";
			sourceTree = "<group>";
		};
/* End PBXGroup section */

/* Begin PBXNativeTarget section */
		9BE37DF61C71956800E600A8 /* 第102题 */ = {
			isa = PBXNativeTarget;
			buildConfigurationList = 9BE37DFE1C71956800E600A8 /* Build configuration list for PBXNativeTarget "第102题" */;
			buildPhases = (
				9BE37DF31C71956800E600A8 /* Sources */,
				9BE37DF41C71956800E600A8 /* Frameworks */,
				9BE37DF51C71956800E600A8 /* CopyFiles */,
			);
			buildRules = (
			);
			dependencies = (
			);
			name = "第102题";
			productName = "第102题";
			productReference = 9BE37DF71C71956800E600A8 /* 第102题 */;
			productType = "com.apple.product-type.tool";
		};
/* End PBXNativeTarget section */

/* Begin PBXProject section */
		9BE37DEF1C71956800E600A8 /* Project object */ = {
			isa = PBXProject;
			attributes = {
				LastUpgradeCheck = 0720;
				ORGANIZATIONNAME = zxy;
				TargetAttributes = {
					9BE37DF61C71956800E600A8 = {
						CreatedOnToolsVersion = 7.2.1;
					};
				};
			};
			buildConfigurationList = 9BE37DF21C71956800E600A8 /* Build configuration list for PBXProject "第102题" */;
			compatibilityVersion = "Xcode 3.2";
			developmentRegion = English;
			hasScannedForEncodings = 0;
			knownRegions = (
				en,
			);
			mainGroup = 9BE37DEE1C71956800E600A8;
			productRefGroup = 9BE37DF81C71956800E600A8 /* Products */;
			projectDirPath = "";
			projectRoot = "";
			targets = (
				9BE37DF61C71956800E600A8 /* 第102题 */,
			);
		};
/* End PBXProject section */

/* Begin PBXSourcesBuildPhase section */
		9BE37DF31C71956800E600A8 /* Sources */ = {
			isa = PBXSourcesBuildPhase;
			buildActionMask = 2147483647;
			files = (
				9BE37DFB1C71956800E600A8 /* main.cpp in Sources */,
				9BE37E031C71957A00E600A8 /* Tool.cpp in Sources */,
			);
			runOnlyForDeploymentPostprocessing = 0;
		};
/* End PBXSourcesBuildPhase section */

/* Begin XCBuildConfiguration section */
		9BE37DFC1C71956800E600A8 /* Debug */ = {
			isa = XCBuildConfiguration;
			buildSettings = {
				ALWAYS_SEARCH_USER_PATHS = NO;
				CLANG_CXX_LANGUAGE_STANDARD = "gnu++0x";
				CLANG_CXX_LIBRARY = "libc++";
				CLANG_ENABLE_MODULES = YES;
				CLANG_ENABLE_OBJC_ARC = YES;
				CLANG_WARN_BOOL_CONVERSION = YES;
				CLANG_WARN_CONSTANT_CONVERSION = YES;
				CLANG_WARN_DIRECT_OBJC_ISA_USAGE = YES_ERROR;
				CLANG_WARN_EMPTY_BODY = YES;
				CLANG_WARN_ENUM_CONVERSION = YES;
				CLANG_WARN_INT_CONVERSION = YES;
				CLANG_WARN_OBJC_ROOT_CLASS = YES_ERROR;
				CLANG_WARN_UNREACHABLE_CODE = YES;
				CLANG_WARN__DUPLICATE_METHOD_MATCH = YES;
				CODE_SIGN_IDENTITY = "-";
				COPY_PHASE_STRIP = NO;
				DEBUG_INFORMATION_FORMAT = dwarf;
				ENABLE_STRICT_OBJC_MSGSEND = YES;
				ENABLE_TESTABILITY = YES;
				GCC_C_LANGUAGE_STANDARD = gnu99;
				GCC_DYNAMIC_NO_PIC = NO;
				GCC_NO_COMMON_BLOCKS = YES;
				GCC_OPTIMIZATION_LEVEL = 0;
				GCC_PREPROCESSOR_DEFINITIONS = (
					"DEBUG=1",
					"$(inherited)",
				);
				GCC_WARN_64_TO_32_BIT_CONVERSION = YES;
				GCC_WARN_ABOUT_RETURN_TYPE = YES_ERROR;
				GCC_WARN_UNDECLARED_SELECTOR = YES;
				GCC_WARN_UNINITIALIZED_AUTOS = YES_AGGRESSIVE;
				GCC_WARN_UNUSED_FUNCTION = YES;
				GCC_WARN_UNUSED_VARIABLE = YES;
				MACOSX_DEPLOYMENT_TARGET = 10.11;
				MTL_ENABLE_DEBUG_INFO = YES;
				ONLY_ACTIVE_ARCH = YES;
				SDKROOT = macosx;
			};
			name = Debug;
		};
		9BE37DFD1C71956800E600A8 /* Release */ = {
			isa = XCBuildConfiguration;
			buildSettings = {
				ALWAYS_SEARCH_USER_PATHS = NO;
				CLANG_CXX_LANGUAGE_STANDARD = "gnu++0x";
				CLANG_CXX_LIBRARY = "libc++";
				CLANG_ENABLE_MODULES = YES;
				CLANG_ENABLE_OBJC_ARC = YES;
				CLANG_WARN_BOOL_CONVERSION = YES;
				CLANG_WARN_CONSTANT_CONVERSION = YES;
				CLANG_WARN_DIRECT_OBJC_ISA_USAGE = YES_ERROR;
				CLANG_WARN_EMPTY_BODY = YES;
				CLANG_WARN_ENUM_CONVERSION = YES;
				CLANG_WARN_INT_CONVERSION = YES;
				CLANG_WARN_OBJC_ROOT_CLASS = YES_ERROR;
				CLANG_WARN_UNREACHABLE_CODE = YES;
				CLANG_WARN__DUPLICATE_METHOD_MATCH = YES;
				CODE_SIGN_IDENTITY = "-";
				COPY_PHASE_STRIP = NO;
				DEBUG_INFORMATION_FORMAT = "dwarf-with-dsym";
				ENABLE_NS_ASSERTIONS = NO;
				ENABLE_STRICT_OBJC_MSGSEND = YES;
				GCC_C_LANGUAGE_STANDARD = gnu99;
				GCC_NO_COMMON_BLOCKS = YES;
				GCC_WARN_64_TO_32_BIT_CONVERSION = YES;
				GCC_WARN_ABOUT_RETURN_TYPE = YES_ERROR;
				GCC_WARN_UNDECLARED_SELECTOR = YES;
				GCC_WARN_UNINITIALIZED_AUTOS = YES_AGGRESSIVE;
				GCC_WARN_UNUSED_FUNCTION = YES;
				GCC_WARN_UNUSED_VARIABLE = YES;
				MACOSX_DEPLOYMENT_TARGET = 10.11;
				MTL_ENABLE_DEBUG_INFO = NO;
				SDKROOT = macosx;
			};
			name = Release;
		};
		9BE37DFF1C71956800E600A8 /* Debug */ = {
			isa = XCBuildConfiguration;
			buildSettings = {
				PRODUCT_NAME = "$(TARGET_NAME)";
			};
			name = Debug;
		};
		9BE37E001C71956800E600A8 /* Release */ = {
			isa = XCBuildConfiguration;
			buildSettings = {
				PRODUCT_NAME = "$(TARGET_NAME)";
			};
			name = Release;
		};
/* End XCBuildConfiguration section */

/* Begin XCConfigurationList section */
		9BE37DF21C71956800E600A8 /* Build configuration list for PBXProject "第102题" */ = {
			isa = XCConfigurationList;
			buildConfigurations = (
				9BE37DFC1C71956800E600A8 /* Debug */,
				9BE37DFD1C71956800E600A8 /* Release */,
			);
			defaultConfigurationIsVisible = 0;
			defaultConfigurationName = Release;
		};
		9BE37DFE1C71956800E600A8 /* Build configuration list for PBXNativeTarget "第102题" */ = {
			isa = XCConfigurationList;
			buildConfigurations = (
				9BE37DFF1C71956800E600A8 /* Debug */,
				9BE37E001C71956800E600A8 /* Release */,
			);
			defaultConfigurationIsVisible = 0;
		};
/* End XCConfigurationList section */
	};
	rootObject = 9BE37DEF1C71956800E600A8 /* Project object */;
}
